<?xml version="1.0" encoding="utf-8"?>
<Project ToolsVersion="4.0" xmlns="http://schemas.microsoft.com/developer/msbuild/2003">
  <ItemGroup>
    <Filter Include="Source Files">
      <UniqueIdentifier>{4FC737F1-C7A5-4376-A066-2A32D752A2FF}</UniqueIdentifier>
      <Extensions>cpp;c;cc;cxx;def;odl;idl;hpj;bat;asm;asmx</Extensions>
    </Filter>
    <Filter Include="Header Files">
      <UniqueIdentifier>{93995380-89BD-4b04-88EB-625FBE52EBFB}</UniqueIdentifier>
      <Extensions>h;hpp;hxx;hm;inl;inc;xsd</Extensions>
    </Filter>
    <Filter Include="Resource Files">
      <UniqueIdentifier>{67DA6AB6-F800-4c08-8B7A-83BB121AAD01}</UniqueIdentifier>
      <Extensions>rc;ico;cur;bmp;dlg;rc2;rct;bin;rgs;gif;jpg;jpeg;jpe;resx;tiff;tif;png;wav;mfcribbon-ms</Extensions>
    </Filter>
    <Filter Include="Source Files\rask">
      <UniqueIdentifier>{97471697-feac-4c56-9120-555008b315a9}</UniqueIdentifier>
    </Filter>
    <Filter Include="Source Files\rask\cst">
      <UniqueIdentifier>{2ebdf30f-8f30-4881-9b30-a0944596b58c}</UniqueIdentifier>
    </Filter>
    <Filter Include="Source Files\rask\error">
      <UniqueIdentifier>{6669eff3-1ee6-4b36-836b-1ee03d69dcb1}</UniqueIdentifier>
    </Filter>
    <Filter Include="Header Files\rask">
      <UniqueIdentifier>{7f1d7273-94bc-4a1d-a2e5-6270c4ccc007}</UniqueIdentifier>
    </Filter>
    <Filter Include="Header Files\rask\cst">
      <UniqueIdentifier>{cd8ba3a3-fd61-4b75-b07b-3614f4901e65}</UniqueIdentifier>
    </Filter>
    <Filter Include="Header Files\rask\error">
      <UniqueIdentifier>{fb676284-6469-43fd-a0fe-c75c9127902d}</UniqueIdentifier>
    </Filter>
    <Filter Include="Header Files\rask\ast">
      <UniqueIdentifier>{5ffc9196-4c83-481f-a68f-e083225d07ab}</UniqueIdentifier>
    </Filter>
    <Filter Include="Source Files\rask\ast">
      <UniqueIdentifier>{48f48c6e-16be-4029-ac45-1debc9c3f49d}</UniqueIdentifier>
    </Filter>
    <Filter Include="Header Files\rask\cg">
      <UniqueIdentifier>{cd13392f-36d2-436e-badc-83dde8450440}</UniqueIdentifier>
    </Filter>
    <Filter Include="Source Files\rask\cg">
      <UniqueIdentifier>{d43262f3-7b41-406e-9a51-29df4faa084a}</UniqueIdentifier>
    </Filter>
  </ItemGroup>
  <ItemGroup>
    <ClCompile Include="..\rask\Position.cpp">
      <Filter>Source Files\rask</Filter>
    </ClCompile>
    <ClCompile Include="..\rask\cst\parseFile.cpp">
      <Filter>Source Files\rask\cst</Filter>
    </ClCompile>
    <ClCompile Include="..\rask\error\Message.cpp">
      <Filter>Source Files\rask\error</Filter>
    </ClCompile>
    <ClCompile Include="..\rask\ast\parseFunction.cpp">
      <Filter>Source Files\rask\ast</Filter>
    </ClCompile>
    <ClCompile Include="..\rask\cg\genFunction.cpp">
      <Filter>Source Files\rask\cg</Filter>
    </ClCompile>
  </ItemGroup>
  <ItemGroup>
    <ClInclude Include="..\rask\InputStream.hpp">
      <Filter>Header Files\rask</Filter>
    </ClInclude>
    <ClInclude Include="..\rask\Position.hpp">
      <Filter>Header Files\rask</Filter>
    </ClInclude>
    <ClInclude Include="..\rask\cst\Function.hpp">
      <Filter>Header Files\rask\cst</Filter>
    </ClInclude>
    <ClInclude Include="..\rask\cst\Grammar.hpp">
      <Filter>Header Files\rask\cst</Filter>
    </ClInclude>
    <ClInclude Include="..\rask\cst\Identifier.hpp">
      <Filter>Header Files\rask\cst</Filter>
    </ClInclude>
    <ClInclude Include="..\rask\cst\parseFile.hpp">
      <Filter>Header Files\rask\cst</Filter>
    </ClInclude>
    <ClInclude Include="..\rask\error\Logger.hpp">
      <Filter>Header Files\rask\error</Filter>
    </ClInclude>
    <ClInclude Include="..\rask\error\Message.hpp">
      <Filter>Header Files\rask\error</Filter>
    </ClInclude>
    <ClInclude Include="..\rask\cst\FunctionCall.hpp">
      <Filter>Header Files\rask\cst</Filter>
    </ClInclude>
    <ClInclude Include="..\rask\ast\parseFunction.hpp">
      <Filter>Header Files\rask\ast</Filter>
    </ClInclude>
    <ClInclude Include="..\rask\ast\Function.hpp">
      <Filter>Header Files\rask\ast</Filter>
    </ClInclude>
    <ClInclude Include="..\rask\cg\genFunction.hpp">
      <Filter>Header Files\rask\cg</Filter>
    </ClInclude>
  </ItemGroup>
</Project>