
Microsoft Visual Studio Solution File, Format Version 11.00
# Visual Studio 2010
Project("{8BC9CEB8-8B4A-11D0-8D11-00A0C91BC942}") = "UT", "UT.vcxproj", "{761BE0D9-2DC2-4975-B17F-C0B67805823C}"
	ProjectSection(ProjectDependencies) = postProject
		{D7DE9900-7B4A-432E-A9A2-C3F94FA29B18} = {D7DE9900-7B4A-432E-A9A2-C3F94FA29B18}
	EndProjectSection
EndProject
Project("{8BC9CEB8-8B4A-11D0-8D11-00A0C91BC942}") = "raskc", "raskc.vcxproj", "{498420B3-20B3-48AA-9160-E18CCB518BED}"
	ProjectSection(ProjectDependencies) = postProject
		{D7DE9900-7B4A-432E-A9A2-C3F94FA29B18} = {D7DE9900-7B4A-432E-A9A2-C3F94FA29B18}
	EndProjectSection
EndProject
Project("{2150E333-8FDC-42A3-9474-1A3956D46DE8}") = "Solution Items", "Solution Items", "{10E35FBE-EDE3-48E7-8285-136BFBBE6263}"
EndProject
Project("{8BC9CEB8-8B4A-11D0-8D11-00A0C91BC942}") = "rasklib", "rasklib.vcxproj", "{D7DE9900-7B4A-432E-A9A2-C3F94FA29B18}"
EndProject
Project("{8BC9CEB8-8B4A-11D0-8D11-00A0C91BC942}") = "rask", "rask.vcxproj", "{0B49E484-4DC2-467C-BC29-7B9DE0C61404}"
	ProjectSection(ProjectDependencies) = postProject
		{D7DE9900-7B4A-432E-A9A2-C3F94FA29B18} = {D7DE9900-7B4A-432E-A9A2-C3F94FA29B18}
	EndProjectSection
EndProject
Global
	GlobalSection(SolutionConfigurationPlatforms) = preSolution
		Debug|Win32 = Debug|Win32
		Release|Win32 = Release|Win32
	EndGlobalSection
	GlobalSection(ProjectConfigurationPlatforms) = postSolution
		{761BE0D9-2DC2-4975-B17F-C0B67805823C}.Debug|Win32.ActiveCfg = Debug|Win32
		{761BE0D9-2DC2-4975-B17F-C0B67805823C}.Debug|Win32.Build.0 = Debug|Win32
		{761BE0D9-2DC2-4975-B17F-C0B67805823C}.Release|Win32.ActiveCfg = Release|Win32
		{761BE0D9-2DC2-4975-B17F-C0B67805823C}.Release|Win32.Build.0 = Release|Win32
		{498420B3-20B3-48AA-9160-E18CCB518BED}.Debug|Win32.ActiveCfg = Debug|Win32
		{498420B3-20B3-48AA-9160-E18CCB518BED}.Debug|Win32.Build.0 = Debug|Win32
		{498420B3-20B3-48AA-9160-E18CCB518BED}.Release|Win32.ActiveCfg = Release|Win32
		{498420B3-20B3-48AA-9160-E18CCB518BED}.Release|Win32.Build.0 = Release|Win32
		{D7DE9900-7B4A-432E-A9A2-C3F94FA29B18}.Debug|Win32.ActiveCfg = Debug|Win32
		{D7DE9900-7B4A-432E-A9A2-C3F94FA29B18}.Debug|Win32.Build.0 = Debug|Win32
		{D7DE9900-7B4A-432E-A9A2-C3F94FA29B18}.Release|Win32.ActiveCfg = Release|Win32
		{D7DE9900-7B4A-432E-A9A2-C3F94FA29B18}.Release|Win32.Build.0 = Release|Win32
		{0B49E484-4DC2-467C-BC29-7B9DE0C61404}.Debug|Win32.ActiveCfg = Debug|Win32
		{0B49E484-4DC2-467C-BC29-7B9DE0C61404}.Debug|Win32.Build.0 = Debug|Win32
		{0B49E484-4DC2-467C-BC29-7B9DE0C61404}.Release|Win32.ActiveCfg = Release|Win32
		{0B49E484-4DC2-467C-BC29-7B9DE0C61404}.Release|Win32.Build.0 = Release|Win32
	EndGlobalSection
	GlobalSection(SolutionProperties) = preSolution
		HideSolutionNode = FALSE
	EndGlobalSection
EndGlobal
